// !$*UTF8*$!
{
	archiveVersion = 1;
	classes = {
	};
	objectVersion = 46;
	objects = {

/* Begin PBXBuildFile section */
		4279B300DB3AA0DD5522684E /* Pods_Nearby.framework in Frameworks */ = {isa = PBXBuildFile; fileRef = C4BE07AAD7E7749E48DF11BF /* Pods_Nearby.framework */; };
		4E6C69771EE79F10008E3788 /* AWSManager.swift in Sources */ = {isa = PBXBuildFile; fileRef = 4E6C69761EE79F10008E3788 /* AWSManager.swift */; };
		4E82AF481EB39C1400C4EFD4 /* ConfirmPriceTableViewController.swift in Sources */ = {isa = PBXBuildFile; fileRef = 4E82AF471EB39C1400C4EFD4 /* ConfirmPriceTableViewController.swift */; };
		73F7CF868071072F78D6D1CB /* libPods-NearbyTests.a in Frameworks */ = {isa = PBXBuildFile; fileRef = D418FAC02A6167DA6BE47114 /* libPods-NearbyTests.a */; };
		AA007EE61EC2FD3A0097CB05 /* GoogleService-Info.plist in Resources */ = {isa = PBXBuildFile; fileRef = AA007EE51EC2FD3A0097CB05 /* GoogleService-Info.plist */; };
		AA0382891E985A0F006D9DD0 /* NearbyTests.swift in Sources */ = {isa = PBXBuildFile; fileRef = AA0382881E985A0F006D9DD0 /* NearbyTests.swift */; };
		AA072DBD1EBCDA5B0039495C /* UserDataManager.swift in Sources */ = {isa = PBXBuildFile; fileRef = AA072DBC1EBCDA5B0039495C /* UserDataManager.swift */; };
		AA072DC01EBE50DC0039495C /* HistoryFilter.swift in Sources */ = {isa = PBXBuildFile; fileRef = AA072DBF1EBE50DC0039495C /* HistoryFilter.swift */; };
		AA072DC41EBE51300039495C /* HistoryFilterTableViewController.swift in Sources */ = {isa = PBXBuildFile; fileRef = AA072DC31EBE51300039495C /* HistoryFilterTableViewController.swift */; };
		AA0F72A31D7791C20023DAA6 /* CategorySelectionTableViewController.swift in Sources */ = {isa = PBXBuildFile; fileRef = AA0F72A21D7791C20023DAA6 /* CategorySelectionTableViewController.swift */; };
		AA0F72A51D77E7FD0023DAA6 /* CategoriesManager.swift in Sources */ = {isa = PBXBuildFile; fileRef = AA0F72A41D77E7FD0023DAA6 /* CategoriesManager.swift */; };
		AA0F72A81D77F9360023DAA6 /* AccountManager.swift in Sources */ = {isa = PBXBuildFile; fileRef = AA0F72A71D77F9360023DAA6 /* AccountManager.swift */; };
		AA18DAAA1DCA724F00E2B973 /* FilterTableViewController.swift in Sources */ = {isa = PBXBuildFile; fileRef = AA18DAA91DCA724F00E2B973 /* FilterTableViewController.swift */; };
		AA2BA97D1EE6A6BF001E1C5A /* UISwitchGroup.swift in Sources */ = {isa = PBXBuildFile; fileRef = AA2BA97C1EE6A6BF001E1C5A /* UISwitchGroup.swift */; };
		AA2C47461D679BA50013F350 /* NewRequestTableViewController.swift in Sources */ = {isa = PBXBuildFile; fileRef = AA2C47451D679BA50013F350 /* NewRequestTableViewController.swift */; };
		AA2C47481D6824F00013F350 /* AllRequestsTableViewController.swift in Sources */ = {isa = PBXBuildFile; fileRef = AA2C47471D6824F00013F350 /* AllRequestsTableViewController.swift */; };
		AA2C474A1D6AA8720013F350 /* HomeViewController.swift in Sources */ = {isa = PBXBuildFile; fileRef = AA2C47491D6AA8720013F350 /* HomeViewController.swift */; };
		AA2C474C1D6B4C150013F350 /* LocationManger.swift in Sources */ = {isa = PBXBuildFile; fileRef = AA2C474B1D6B4C150013F350 /* LocationManger.swift */; };
		AA2C47511D6B759D0013F350 /* Converter.swift in Sources */ = {isa = PBXBuildFile; fileRef = AA2C47501D6B759D0013F350 /* Converter.swift */; };
		AA2C47531D6D0B0B0013F350 /* CategoriesRouter.swift in Sources */ = {isa = PBXBuildFile; fileRef = AA2C47521D6D0B0B0013F350 /* CategoriesRouter.swift */; };
		AA2C47551D6D3FB60013F350 /* RequestDetailTableViewController.swift in Sources */ = {isa = PBXBuildFile; fileRef = AA2C47541D6D3FB60013F350 /* RequestDetailTableViewController.swift */; };
		AA2D885D1E8378970005D969 /* TransactionDetailTableViewController.swift in Sources */ = {isa = PBXBuildFile; fileRef = AA2D885C1E8378970005D969 /* TransactionDetailTableViewController.swift */; };
		AA2D885F1E852AC30005D969 /* BuyerClosedStrategy.swift in Sources */ = {isa = PBXBuildFile; fileRef = AA2D885E1E852AC30005D969 /* BuyerClosedStrategy.swift */; };
		AA2D88611E852AF80005D969 /* SellerClosedStrategy.swift in Sources */ = {isa = PBXBuildFile; fileRef = AA2D88601E852AF80005D969 /* SellerClosedStrategy.swift */; };
		AA2EB2E01E767E3700646AF3 /* UIColorExtensions.swift in Sources */ = {isa = PBXBuildFile; fileRef = AA2EB2DF1E767E3700646AF3 /* UIColorExtensions.swift */; };
		AA2F16C01E4662210029AB47 /* QRScannerViewController.swift in Sources */ = {isa = PBXBuildFile; fileRef = AA2F16BF1E4662200029AB47 /* QRScannerViewController.swift */; };
		AA31BC1E1E85DAFF00738696 /* BuyerPriceConfirmStrategy.swift in Sources */ = {isa = PBXBuildFile; fileRef = AA31BC1D1E85DAFF00738696 /* BuyerPriceConfirmStrategy.swift */; };
		AA31BC201E85DB1700738696 /* SellerPriceConfirmStrategy.swift in Sources */ = {isa = PBXBuildFile; fileRef = AA31BC1F1E85DB1700738696 /* SellerPriceConfirmStrategy.swift */; };
		AA38307F1D5A75F600C125F6 /* AppDelegate.swift in Sources */ = {isa = PBXBuildFile; fileRef = AA38307E1D5A75F600C125F6 /* AppDelegate.swift */; };
		AA3830841D5A75F600C125F6 /* Main.storyboard in Resources */ = {isa = PBXBuildFile; fileRef = AA3830821D5A75F600C125F6 /* Main.storyboard */; };
		AA3830861D5A75F600C125F6 /* Assets.xcassets in Resources */ = {isa = PBXBuildFile; fileRef = AA3830851D5A75F600C125F6 /* Assets.xcassets */; };
		AA3830891D5A75F600C125F6 /* LaunchScreen.storyboard in Resources */ = {isa = PBXBuildFile; fileRef = AA3830871D5A75F600C125F6 /* LaunchScreen.storyboard */; };
		AA3E34011E78E9A800B92943 /* StripeRouter.swift in Sources */ = {isa = PBXBuildFile; fileRef = AA3E34001E78E9A800B92943 /* StripeRouter.swift */; };
		AA3E34031E79015000B92943 /* NBStripe.swift in Sources */ = {isa = PBXBuildFile; fileRef = AA3E34021E79015000B92943 /* NBStripe.swift */; };
		AA3F641C1D7B80740021964B /* NBResponse.swift in Sources */ = {isa = PBXBuildFile; fileRef = AA3F641B1D7B80740021964B /* NBResponse.swift */; };
		AA3F641E1D7B8DB80021964B /* NBMessage.swift in Sources */ = {isa = PBXBuildFile; fileRef = AA3F641D1D7B8DB80021964B /* NBMessage.swift */; };
		AA3F64201D80B55C0021964B /* NewResponseTableViewController.swift in Sources */ = {isa = PBXBuildFile; fileRef = AA3F641F1D80B55C0021964B /* NewResponseTableViewController.swift */; };
		AA4310B81D616DAB00E00F45 /* LoginViewController.swift in Sources */ = {isa = PBXBuildFile; fileRef = AA4310B71D616DAB00E00F45 /* LoginViewController.swift */; };
		AA4310BC1D62392E00E00F45 /* FBSDKCoreKit.framework in Frameworks */ = {isa = PBXBuildFile; fileRef = AA4310B91D62392E00E00F45 /* FBSDKCoreKit.framework */; };
		AA4310BD1D62392E00E00F45 /* FBSDKLoginKit.framework in Frameworks */ = {isa = PBXBuildFile; fileRef = AA4310BA1D62392E00E00F45 /* FBSDKLoginKit.framework */; };
		AA4310BE1D62392E00E00F45 /* FBSDKShareKit.framework in Frameworks */ = {isa = PBXBuildFile; fileRef = AA4310BB1D62392E00E00F45 /* FBSDKShareKit.framework */; };
		AA4310C31D62426C00E00F45 /* Bolts.framework in Frameworks */ = {isa = PBXBuildFile; fileRef = AA4310C21D62426C00E00F45 /* Bolts.framework */; };
		AA4D91AE1E76433000D106FE /* ResponseDetailTableViewController.swift in Sources */ = {isa = PBXBuildFile; fileRef = AA4D91AD1E76433000D106FE /* ResponseDetailTableViewController.swift */; };
		AA52E6CE1EB287DC00934C72 /* NewAccountManager.swift in Sources */ = {isa = PBXBuildFile; fileRef = AA52E6CD1EB287DC00934C72 /* NewAccountManager.swift */; };
		AA546A841DCA5CD3007E1E8F /* NBBraintree.swift in Sources */ = {isa = PBXBuildFile; fileRef = AA546A831DCA5CD3007E1E8F /* NBBraintree.swift */; };
		AA546A861DCA5F89007E1E8F /* BraintreeRouter.swift in Sources */ = {isa = PBXBuildFile; fileRef = AA546A851DCA5F89007E1E8F /* BraintreeRouter.swift */; };
		AA5EA4AD1ED42A67007278C2 /* UserViewController.swift in Sources */ = {isa = PBXBuildFile; fileRef = AA5EA4AC1ED42A67007278C2 /* UserViewController.swift */; };
		AA83930E1ED95310006950DC /* NotificationTableViewController.swift in Sources */ = {isa = PBXBuildFile; fileRef = AA83930D1ED95310006950DC /* NotificationTableViewController.swift */; };
		AA8B21E71D98EECD0026ED7D /* NBHistory.swift in Sources */ = {isa = PBXBuildFile; fileRef = AA8B21E61D98EECD0026ED7D /* NBHistory.swift */; };
		AA8B21E91D9A363C0026ED7D /* NBTransaction.swift in Sources */ = {isa = PBXBuildFile; fileRef = AA8B21E81D9A363C0026ED7D /* NBTransaction.swift */; };
		AA8B21EB1D9A4A220026ED7D /* NBExchangeOverride.swift in Sources */ = {isa = PBXBuildFile; fileRef = AA8B21EA1D9A4A220026ED7D /* NBExchangeOverride.swift */; };
		AA8B21ED1D9A50D50026ED7D /* TransactionsRouter.swift in Sources */ = {isa = PBXBuildFile; fileRef = AA8B21EC1D9A50D50026ED7D /* TransactionsRouter.swift */; };
		AA8F27931E5AA24D003CDC22 /* HistoryRequestTableViewCell.swift in Sources */ = {isa = PBXBuildFile; fileRef = AA8F27921E5AA24D003CDC22 /* HistoryRequestTableViewCell.swift */; };
		AA8F27961E5AB3C4003CDC22 /* HistoryStateStrategy.swift in Sources */ = {isa = PBXBuildFile; fileRef = AA8F27951E5AB3C4003CDC22 /* HistoryStateStrategy.swift */; };
		AA8F27981E5AB547003CDC22 /* SellerFinishStrategy.swift in Sources */ = {isa = PBXBuildFile; fileRef = AA8F27971E5AB547003CDC22 /* SellerFinishStrategy.swift */; };
		AA8F279A1E5AB5F4003CDC22 /* SellerBuyerConfirmStrategy.swift in Sources */ = {isa = PBXBuildFile; fileRef = AA8F27991E5AB5F4003CDC22 /* SellerBuyerConfirmStrategy.swift */; };
		AA8F279C1E5AB621003CDC22 /* SellerSellerConfirmStrategy.swift in Sources */ = {isa = PBXBuildFile; fileRef = AA8F279B1E5AB621003CDC22 /* SellerSellerConfirmStrategy.swift */; };
		AA8F279E1E5AB630003CDC22 /* SellerExchangeStrategy.swift in Sources */ = {isa = PBXBuildFile; fileRef = AA8F279D1E5AB630003CDC22 /* SellerExchangeStrategy.swift */; };
		AA8F27A01E5AB644003CDC22 /* SellerReturnStrategy.swift in Sources */ = {isa = PBXBuildFile; fileRef = AA8F279F1E5AB644003CDC22 /* SellerReturnStrategy.swift */; };
		AA8F27A21E5ABCCC003CDC22 /* BuyerBuyerConfirmStrategy.swift in Sources */ = {isa = PBXBuildFile; fileRef = AA8F27A11E5ABCCC003CDC22 /* BuyerBuyerConfirmStrategy.swift */; };
		AA8F27A41E5ABD28003CDC22 /* BuyerSellerConfirmStrategy.swift in Sources */ = {isa = PBXBuildFile; fileRef = AA8F27A31E5ABD28003CDC22 /* BuyerSellerConfirmStrategy.swift */; };
		AA8F27A81E5ABE04003CDC22 /* BuyerExchangeStrategy.swift in Sources */ = {isa = PBXBuildFile; fileRef = AA8F27A71E5ABE04003CDC22 /* BuyerExchangeStrategy.swift */; };
		AA8F27AA1E5ABE2E003CDC22 /* BuyerReturnStrategy.swift in Sources */ = {isa = PBXBuildFile; fileRef = AA8F27A91E5ABE2E003CDC22 /* BuyerReturnStrategy.swift */; };
		AA8F27AC1E5ABE3F003CDC22 /* BuyerFinishStrategy.swift in Sources */ = {isa = PBXBuildFile; fileRef = AA8F27AB1E5ABE3F003CDC22 /* BuyerFinishStrategy.swift */; };
		AA8F27AE1E5AC1D2003CDC22 /* HistoryStateManager.swift in Sources */ = {isa = PBXBuildFile; fileRef = AA8F27AD1E5AC1D2003CDC22 /* HistoryStateManager.swift */; };
		AA90271D1DD6FC9800B5CA2B /* QRGeneratorViewController.swift in Sources */ = {isa = PBXBuildFile; fileRef = AA90271C1DD6FC9800B5CA2B /* QRGeneratorViewController.swift */; };
		AA9027231DD7D53400B5CA2B /* ProfileTableViewController.swift in Sources */ = {isa = PBXBuildFile; fileRef = AA9027221DD7D53400B5CA2B /* ProfileTableViewController.swift */; };
		AA9721171D64D7410036E007 /* NBUser.swift in Sources */ = {isa = PBXBuildFile; fileRef = AA9721161D64D7410036E007 /* NBUser.swift */; };
		AA97211B1D64DA710036E007 /* NBCategory.swift in Sources */ = {isa = PBXBuildFile; fileRef = AA97211A1D64DA710036E007 /* NBCategory.swift */; };
		AA97211E1D64DB580036E007 /* NBGeoJsonPoint.swift in Sources */ = {isa = PBXBuildFile; fileRef = AA97211D1D64DB580036E007 /* NBGeoJsonPoint.swift */; };
		AA9721201D64E0A50036E007 /* NBRequest.swift in Sources */ = {isa = PBXBuildFile; fileRef = AA97211F1D64E0A50036E007 /* NBRequest.swift */; };
		AA9721221D651C460036E007 /* RequestsRouter.swift in Sources */ = {isa = PBXBuildFile; fileRef = AA9721211D651C460036E007 /* RequestsRouter.swift */; };
		AA9721261D65637E0036E007 /* UsersRouter.swift in Sources */ = {isa = PBXBuildFile; fileRef = AA9721251D65637E0036E007 /* UsersRouter.swift */; };
		AA9721281D66B54E0036E007 /* AccountTableViewController.swift in Sources */ = {isa = PBXBuildFile; fileRef = AA9721271D66B54E0036E007 /* AccountTableViewController.swift */; };
		AA97466A1E4E38B900C1FA17 /* ProgressHUD.swift in Sources */ = {isa = PBXBuildFile; fileRef = AA9746691E4E38B900C1FA17 /* ProgressHUD.swift */; };
		AA97466C1E54540C00C1FA17 /* Utils.swift in Sources */ = {isa = PBXBuildFile; fileRef = AA97466B1E54540C00C1FA17 /* Utils.swift */; };
		AA97466E1E56C10C00C1FA17 /* UIViewControllerExtensions.swift in Sources */ = {isa = PBXBuildFile; fileRef = AA97466D1E56C10C00C1FA17 /* UIViewControllerExtensions.swift */; };
		AA98F7391D9C69910083BB4B /* RequestTableViewCell.swift in Sources */ = {isa = PBXBuildFile; fileRef = AA98F7381D9C69910083BB4B /* RequestTableViewCell.swift */; };
		AA9B97B01E7FAB3400EE055F /* UIStoryboardExtensions.swift in Sources */ = {isa = PBXBuildFile; fileRef = AA9B97AF1E7FAB3400EE055F /* UIStoryboardExtensions.swift */; };
		AA9E15CB1EF12EAA00639EB3 /* ImageCollectionView.swift in Sources */ = {isa = PBXBuildFile; fileRef = AA9E15CA1EF12EAA00639EB3 /* ImageCollectionView.swift */; };
		AAA7F82A1EC98CE7006CEBB6 /* NBConstants.swift in Sources */ = {isa = PBXBuildFile; fileRef = AAA7F8291EC98CE7006CEBB6 /* NBConstants.swift */; };
		AAA7F82E1EC994D2006CEBB6 /* HistoryTransactionTableViewCell.swift in Sources */ = {isa = PBXBuildFile; fileRef = AAA7F82D1EC994D2006CEBB6 /* HistoryTransactionTableViewCell.swift */; };
		AAA7F8301ECA30C7006CEBB6 /* NBFlag.swift in Sources */ = {isa = PBXBuildFile; fileRef = AAA7F82F1ECA30C7006CEBB6 /* NBFlag.swift */; };
		AAA7F8331ECA39B1006CEBB6 /* FlagTableViewController.swift in Sources */ = {isa = PBXBuildFile; fileRef = AAA7F8321ECA39B1006CEBB6 /* FlagTableViewController.swift */; };
		AAB7690A1E285C1C0021F657 /* HistoryResponseTableViewCell.swift in Sources */ = {isa = PBXBuildFile; fileRef = AAB769091E285C1C0021F657 /* HistoryResponseTableViewCell.swift */; };
		AAB7690C1E2B35EF0021F657 /* UserManager.swift in Sources */ = {isa = PBXBuildFile; fileRef = AAB7690B1E2B35EF0021F657 /* UserManager.swift */; };
		AAB7690E1E2B3CF80021F657 /* NBPayment.swift in Sources */ = {isa = PBXBuildFile; fileRef = AAB7690D1E2B3CF80021F657 /* NBPayment.swift */; };
		AAB769101E2B41A80021F657 /* PaymentTableViewController.swift in Sources */ = {isa = PBXBuildFile; fileRef = AAB7690F1E2B41A80021F657 /* PaymentTableViewController.swift */; };
		AAB769121E2B43380021F657 /* DirectDepositTableViewController.swift in Sources */ = {isa = PBXBuildFile; fileRef = AAB769111E2B43380021F657 /* DirectDepositTableViewController.swift */; };
		AABAD2C71DFCB2C600F87CA2 /* HomeTableViewCell.swift in Sources */ = {isa = PBXBuildFile; fileRef = AABAD2C61DFCB2C600F87CA2 /* HomeTableViewCell.swift */; };
		AAC3C8AC1D5A789800B8F2A9 /* HistoryTableViewController.swift in Sources */ = {isa = PBXBuildFile; fileRef = AAC3C8A71D5A789800B8F2A9 /* HistoryTableViewController.swift */; };
		AAC3C8AD1D5A789800B8F2A9 /* AlamofireRequest+JSONSerializable.swift in Sources */ = {isa = PBXBuildFile; fileRef = AAC3C8A81D5A789800B8F2A9 /* AlamofireRequest+JSONSerializable.swift */; };
		AAC3C8B01D5A789800B8F2A9 /* NearbyAPIManager.swift in Sources */ = {isa = PBXBuildFile; fileRef = AAC3C8AB1D5A789800B8F2A9 /* NearbyAPIManager.swift */; };
		AAD278E71E150501003DCEE0 /* SearchFilter.swift in Sources */ = {isa = PBXBuildFile; fileRef = AAD278E61E150501003DCEE0 /* SearchFilter.swift */; };
		AAEACB7C1EEA6DBF00AD82A7 /* NBPhoto.swift in Sources */ = {isa = PBXBuildFile; fileRef = AAEACB7B1EEA6DBF00AD82A7 /* NBPhoto.swift */; };
		AAEACB7E1EEA907600AD82A7 /* ImageCollectionViewCell.swift in Sources */ = {isa = PBXBuildFile; fileRef = AAEACB7D1EEA907600AD82A7 /* ImageCollectionViewCell.swift */; };
		E61F58121EAD34C400EA60F0 /* ForgotToScanViewController.swift in Sources */ = {isa = PBXBuildFile; fileRef = E61F58111EAD34C400EA60F0 /* ForgotToScanViewController.swift */; };
		E62E7F6E1E9AC7CA00AF16DB /* BanksAndCardsTableViewController.swift in Sources */ = {isa = PBXBuildFile; fileRef = E62E7F6D1E9AC7CA00AF16DB /* BanksAndCardsTableViewController.swift */; };
		E63B18541EA05D79005983DF /* EditRequestTableViewController.swift in Sources */ = {isa = PBXBuildFile; fileRef = E63B18531EA05D79005983DF /* EditRequestTableViewController.swift */; };
/* End PBXBuildFile section */

/* Begin PBXContainerItemProxy section */
		AA03828B1E985A0F006D9DD0 /* PBXContainerItemProxy */ = {
			isa = PBXContainerItemProxy;
			containerPortal = AA3830731D5A75F600C125F6 /* Project object */;
			proxyType = 1;
			remoteGlobalIDString = AA38307A1D5A75F600C125F6;
			remoteInfo = Nearby;
		};
/* End PBXContainerItemProxy section */

/* Begin PBXFileReference section */
		3F39B826BC3AE0F067446572 /* Pods-Nearby.debug.xcconfig */ = {isa = PBXFileReference; includeInIndex = 1; lastKnownFileType = text.xcconfig; name = "Pods-Nearby.debug.xcconfig"; path = "Pods/Target Support Files/Pods-Nearby/Pods-Nearby.debug.xcconfig"; sourceTree = "<group>"; };
		4E6C69761EE79F10008E3788 /* AWSManager.swift */ = {isa = PBXFileReference; fileEncoding = 4; lastKnownFileType = sourcecode.swift; path = AWSManager.swift; sourceTree = "<group>"; };
		4E82AF471EB39C1400C4EFD4 /* ConfirmPriceTableViewController.swift */ = {isa = PBXFileReference; fileEncoding = 4; lastKnownFileType = sourcecode.swift; path = ConfirmPriceTableViewController.swift; sourceTree = "<group>"; };
		569611B4DD22FDE0552E9CEE /* Pods-NearbyTests.debug.xcconfig */ = {isa = PBXFileReference; includeInIndex = 1; lastKnownFileType = text.xcconfig; name = "Pods-NearbyTests.debug.xcconfig"; path = "Pods/Target Support Files/Pods-NearbyTests/Pods-NearbyTests.debug.xcconfig"; sourceTree = "<group>"; };
		6F95CC3ED8D95B99CFCAD3F0 /* Pods-NearbyTests.release.xcconfig */ = {isa = PBXFileReference; includeInIndex = 1; lastKnownFileType = text.xcconfig; name = "Pods-NearbyTests.release.xcconfig"; path = "Pods/Target Support Files/Pods-NearbyTests/Pods-NearbyTests.release.xcconfig"; sourceTree = "<group>"; };
		AA007EE51EC2FD3A0097CB05 /* GoogleService-Info.plist */ = {isa = PBXFileReference; fileEncoding = 4; lastKnownFileType = text.plist.xml; path = "GoogleService-Info.plist"; sourceTree = "<group>"; };
		AA0382861E985A0F006D9DD0 /* NearbyTests.xctest */ = {isa = PBXFileReference; explicitFileType = wrapper.cfbundle; includeInIndex = 0; path = NearbyTests.xctest; sourceTree = BUILT_PRODUCTS_DIR; };
		AA0382881E985A0F006D9DD0 /* NearbyTests.swift */ = {isa = PBXFileReference; lastKnownFileType = sourcecode.swift; path = NearbyTests.swift; sourceTree = "<group>"; };
		AA03828A1E985A0F006D9DD0 /* Info.plist */ = {isa = PBXFileReference; lastKnownFileType = text.plist.xml; path = Info.plist; sourceTree = "<group>"; };
		AA072DBC1EBCDA5B0039495C /* UserDataManager.swift */ = {isa = PBXFileReference; fileEncoding = 4; lastKnownFileType = sourcecode.swift; path = UserDataManager.swift; sourceTree = "<group>"; };
		AA072DBF1EBE50DC0039495C /* HistoryFilter.swift */ = {isa = PBXFileReference; fileEncoding = 4; lastKnownFileType = sourcecode.swift; path = HistoryFilter.swift; sourceTree = "<group>"; };
		AA072DC31EBE51300039495C /* HistoryFilterTableViewController.swift */ = {isa = PBXFileReference; fileEncoding = 4; lastKnownFileType = sourcecode.swift; path = HistoryFilterTableViewController.swift; sourceTree = "<group>"; };
		AA0F72A21D7791C20023DAA6 /* CategorySelectionTableViewController.swift */ = {isa = PBXFileReference; fileEncoding = 4; lastKnownFileType = sourcecode.swift; path = CategorySelectionTableViewController.swift; sourceTree = "<group>"; };
		AA0F72A41D77E7FD0023DAA6 /* CategoriesManager.swift */ = {isa = PBXFileReference; fileEncoding = 4; lastKnownFileType = sourcecode.swift; path = CategoriesManager.swift; sourceTree = "<group>"; };
		AA0F72A71D77F9360023DAA6 /* AccountManager.swift */ = {isa = PBXFileReference; fileEncoding = 4; lastKnownFileType = sourcecode.swift; path = AccountManager.swift; sourceTree = "<group>"; };
		AA18DAA91DCA724F00E2B973 /* FilterTableViewController.swift */ = {isa = PBXFileReference; fileEncoding = 4; lastKnownFileType = sourcecode.swift; path = FilterTableViewController.swift; sourceTree = "<group>"; };
		AA2BA97C1EE6A6BF001E1C5A /* UISwitchGroup.swift */ = {isa = PBXFileReference; fileEncoding = 4; lastKnownFileType = sourcecode.swift; path = UISwitchGroup.swift; sourceTree = "<group>"; };
		AA2C47451D679BA50013F350 /* NewRequestTableViewController.swift */ = {isa = PBXFileReference; fileEncoding = 4; lastKnownFileType = sourcecode.swift; path = NewRequestTableViewController.swift; sourceTree = "<group>"; };
		AA2C47471D6824F00013F350 /* AllRequestsTableViewController.swift */ = {isa = PBXFileReference; fileEncoding = 4; lastKnownFileType = sourcecode.swift; path = AllRequestsTableViewController.swift; sourceTree = "<group>"; };
		AA2C47491D6AA8720013F350 /* HomeViewController.swift */ = {isa = PBXFileReference; fileEncoding = 4; lastKnownFileType = sourcecode.swift; path = HomeViewController.swift; sourceTree = "<group>"; };
		AA2C474B1D6B4C150013F350 /* LocationManger.swift */ = {isa = PBXFileReference; fileEncoding = 4; lastKnownFileType = sourcecode.swift; path = LocationManger.swift; sourceTree = "<group>"; };
		AA2C47501D6B759D0013F350 /* Converter.swift */ = {isa = PBXFileReference; fileEncoding = 4; lastKnownFileType = sourcecode.swift; path = Converter.swift; sourceTree = "<group>"; };
		AA2C47521D6D0B0B0013F350 /* CategoriesRouter.swift */ = {isa = PBXFileReference; fileEncoding = 4; lastKnownFileType = sourcecode.swift; path = CategoriesRouter.swift; sourceTree = "<group>"; };
		AA2C47541D6D3FB60013F350 /* RequestDetailTableViewController.swift */ = {isa = PBXFileReference; fileEncoding = 4; lastKnownFileType = sourcecode.swift; path = RequestDetailTableViewController.swift; sourceTree = "<group>"; };
		AA2D885C1E8378970005D969 /* TransactionDetailTableViewController.swift */ = {isa = PBXFileReference; fileEncoding = 4; lastKnownFileType = sourcecode.swift; path = TransactionDetailTableViewController.swift; sourceTree = "<group>"; };
		AA2D885E1E852AC30005D969 /* BuyerClosedStrategy.swift */ = {isa = PBXFileReference; fileEncoding = 4; lastKnownFileType = sourcecode.swift; path = BuyerClosedStrategy.swift; sourceTree = "<group>"; };
		AA2D88601E852AF80005D969 /* SellerClosedStrategy.swift */ = {isa = PBXFileReference; fileEncoding = 4; lastKnownFileType = sourcecode.swift; path = SellerClosedStrategy.swift; sourceTree = "<group>"; };
		AA2EB2DF1E767E3700646AF3 /* UIColorExtensions.swift */ = {isa = PBXFileReference; fileEncoding = 4; lastKnownFileType = sourcecode.swift; path = UIColorExtensions.swift; sourceTree = "<group>"; };
		AA2F16BF1E4662200029AB47 /* QRScannerViewController.swift */ = {isa = PBXFileReference; fileEncoding = 4; lastKnownFileType = sourcecode.swift; path = QRScannerViewController.swift; sourceTree = "<group>"; };
		AA31BC1D1E85DAFF00738696 /* BuyerPriceConfirmStrategy.swift */ = {isa = PBXFileReference; fileEncoding = 4; lastKnownFileType = sourcecode.swift; path = BuyerPriceConfirmStrategy.swift; sourceTree = "<group>"; };
		AA31BC1F1E85DB1700738696 /* SellerPriceConfirmStrategy.swift */ = {isa = PBXFileReference; fileEncoding = 4; lastKnownFileType = sourcecode.swift; path = SellerPriceConfirmStrategy.swift; sourceTree = "<group>"; };
		AA38307B1D5A75F600C125F6 /* Nearby.app */ = {isa = PBXFileReference; explicitFileType = wrapper.application; includeInIndex = 0; path = Nearby.app; sourceTree = BUILT_PRODUCTS_DIR; };
		AA38307E1D5A75F600C125F6 /* AppDelegate.swift */ = {isa = PBXFileReference; lastKnownFileType = sourcecode.swift; path = AppDelegate.swift; sourceTree = "<group>"; };
		AA3830831D5A75F600C125F6 /* Base */ = {isa = PBXFileReference; lastKnownFileType = file.storyboard; name = Base; path = Base.lproj/Main.storyboard; sourceTree = "<group>"; };
		AA3830851D5A75F600C125F6 /* Assets.xcassets */ = {isa = PBXFileReference; lastKnownFileType = folder.assetcatalog; path = Assets.xcassets; sourceTree = "<group>"; };
		AA3830881D5A75F600C125F6 /* Base */ = {isa = PBXFileReference; lastKnownFileType = file.storyboard; name = Base; path = Base.lproj/LaunchScreen.storyboard; sourceTree = "<group>"; };
		AA38308A1D5A75F600C125F6 /* Info.plist */ = {isa = PBXFileReference; lastKnownFileType = text.plist.xml; path = Info.plist; sourceTree = "<group>"; };
		AA3E34001E78E9A800B92943 /* StripeRouter.swift */ = {isa = PBXFileReference; fileEncoding = 4; lastKnownFileType = sourcecode.swift; path = StripeRouter.swift; sourceTree = "<group>"; };
		AA3E34021E79015000B92943 /* NBStripe.swift */ = {isa = PBXFileReference; fileEncoding = 4; lastKnownFileType = sourcecode.swift; path = NBStripe.swift; sourceTree = "<group>"; };
		AA3F641B1D7B80740021964B /* NBResponse.swift */ = {isa = PBXFileReference; fileEncoding = 4; lastKnownFileType = sourcecode.swift; path = NBResponse.swift; sourceTree = "<group>"; };
		AA3F641D1D7B8DB80021964B /* NBMessage.swift */ = {isa = PBXFileReference; fileEncoding = 4; lastKnownFileType = sourcecode.swift; path = NBMessage.swift; sourceTree = "<group>"; };
		AA3F641F1D80B55C0021964B /* NewResponseTableViewController.swift */ = {isa = PBXFileReference; fileEncoding = 4; lastKnownFileType = sourcecode.swift; path = NewResponseTableViewController.swift; sourceTree = "<group>"; };
		AA4310B71D616DAB00E00F45 /* LoginViewController.swift */ = {isa = PBXFileReference; fileEncoding = 4; lastKnownFileType = sourcecode.swift; path = LoginViewController.swift; sourceTree = "<group>"; };
		AA4310B91D62392E00E00F45 /* FBSDKCoreKit.framework */ = {isa = PBXFileReference; lastKnownFileType = wrapper.framework; path = FBSDKCoreKit.framework; sourceTree = "<group>"; };
		AA4310BA1D62392E00E00F45 /* FBSDKLoginKit.framework */ = {isa = PBXFileReference; lastKnownFileType = wrapper.framework; path = FBSDKLoginKit.framework; sourceTree = "<group>"; };
		AA4310BB1D62392E00E00F45 /* FBSDKShareKit.framework */ = {isa = PBXFileReference; lastKnownFileType = wrapper.framework; path = FBSDKShareKit.framework; sourceTree = "<group>"; };
		AA4310BF1D623E1100E00F45 /* Lend-Bridging-Header.h */ = {isa = PBXFileReference; lastKnownFileType = sourcecode.c.h; path = "Lend-Bridging-Header.h"; sourceTree = "<group>"; };
		AA4310C21D62426C00E00F45 /* Bolts.framework */ = {isa = PBXFileReference; lastKnownFileType = wrapper.framework; path = Bolts.framework; sourceTree = "<group>"; };
		AA4D91AD1E76433000D106FE /* ResponseDetailTableViewController.swift */ = {isa = PBXFileReference; fileEncoding = 4; lastKnownFileType = sourcecode.swift; path = ResponseDetailTableViewController.swift; sourceTree = "<group>"; };
		AA52E6CD1EB287DC00934C72 /* NewAccountManager.swift */ = {isa = PBXFileReference; fileEncoding = 4; lastKnownFileType = sourcecode.swift; path = NewAccountManager.swift; sourceTree = "<group>"; };
		AA546A831DCA5CD3007E1E8F /* NBBraintree.swift */ = {isa = PBXFileReference; fileEncoding = 4; lastKnownFileType = sourcecode.swift; path = NBBraintree.swift; sourceTree = "<group>"; };
		AA546A851DCA5F89007E1E8F /* BraintreeRouter.swift */ = {isa = PBXFileReference; fileEncoding = 4; lastKnownFileType = sourcecode.swift; path = BraintreeRouter.swift; sourceTree = "<group>"; };
		AA5EA4AC1ED42A67007278C2 /* UserViewController.swift */ = {isa = PBXFileReference; fileEncoding = 4; lastKnownFileType = sourcecode.swift; path = UserViewController.swift; sourceTree = "<group>"; };
		AA6928381E6FCED3009C022F /* XCTest.framework */ = {isa = PBXFileReference; lastKnownFileType = wrapper.framework; name = XCTest.framework; path = Platforms/iPhoneOS.platform/Developer/Library/Frameworks/XCTest.framework; sourceTree = DEVELOPER_DIR; };
		AA83930D1ED95310006950DC /* NotificationTableViewController.swift */ = {isa = PBXFileReference; fileEncoding = 4; lastKnownFileType = sourcecode.swift; path = NotificationTableViewController.swift; sourceTree = "<group>"; };
		AA8B21E61D98EECD0026ED7D /* NBHistory.swift */ = {isa = PBXFileReference; fileEncoding = 4; lastKnownFileType = sourcecode.swift; path = NBHistory.swift; sourceTree = "<group>"; };
		AA8B21E81D9A363C0026ED7D /* NBTransaction.swift */ = {isa = PBXFileReference; fileEncoding = 4; lastKnownFileType = sourcecode.swift; path = NBTransaction.swift; sourceTree = "<group>"; };
		AA8B21EA1D9A4A220026ED7D /* NBExchangeOverride.swift */ = {isa = PBXFileReference; fileEncoding = 4; lastKnownFileType = sourcecode.swift; path = NBExchangeOverride.swift; sourceTree = "<group>"; };
		AA8B21EC1D9A50D50026ED7D /* TransactionsRouter.swift */ = {isa = PBXFileReference; fileEncoding = 4; lastKnownFileType = sourcecode.swift; path = TransactionsRouter.swift; sourceTree = "<group>"; };
		AA8F27921E5AA24D003CDC22 /* HistoryRequestTableViewCell.swift */ = {isa = PBXFileReference; fileEncoding = 4; lastKnownFileType = sourcecode.swift; path = HistoryRequestTableViewCell.swift; sourceTree = "<group>"; };
		AA8F27951E5AB3C4003CDC22 /* HistoryStateStrategy.swift */ = {isa = PBXFileReference; fileEncoding = 4; lastKnownFileType = sourcecode.swift; path = HistoryStateStrategy.swift; sourceTree = "<group>"; };
		AA8F27971E5AB547003CDC22 /* SellerFinishStrategy.swift */ = {isa = PBXFileReference; fileEncoding = 4; lastKnownFileType = sourcecode.swift; path = SellerFinishStrategy.swift; sourceTree = "<group>"; };
		AA8F27991E5AB5F4003CDC22 /* SellerBuyerConfirmStrategy.swift */ = {isa = PBXFileReference; fileEncoding = 4; lastKnownFileType = sourcecode.swift; path = SellerBuyerConfirmStrategy.swift; sourceTree = "<group>"; };
		AA8F279B1E5AB621003CDC22 /* SellerSellerConfirmStrategy.swift */ = {isa = PBXFileReference; fileEncoding = 4; lastKnownFileType = sourcecode.swift; path = SellerSellerConfirmStrategy.swift; sourceTree = "<group>"; };
		AA8F279D1E5AB630003CDC22 /* SellerExchangeStrategy.swift */ = {isa = PBXFileReference; fileEncoding = 4; lastKnownFileType = sourcecode.swift; path = SellerExchangeStrategy.swift; sourceTree = "<group>"; };
		AA8F279F1E5AB644003CDC22 /* SellerReturnStrategy.swift */ = {isa = PBXFileReference; fileEncoding = 4; lastKnownFileType = sourcecode.swift; path = SellerReturnStrategy.swift; sourceTree = "<group>"; };
		AA8F27A11E5ABCCC003CDC22 /* BuyerBuyerConfirmStrategy.swift */ = {isa = PBXFileReference; fileEncoding = 4; lastKnownFileType = sourcecode.swift; path = BuyerBuyerConfirmStrategy.swift; sourceTree = "<group>"; };
		AA8F27A31E5ABD28003CDC22 /* BuyerSellerConfirmStrategy.swift */ = {isa = PBXFileReference; fileEncoding = 4; lastKnownFileType = sourcecode.swift; path = BuyerSellerConfirmStrategy.swift; sourceTree = "<group>"; };
		AA8F27A71E5ABE04003CDC22 /* BuyerExchangeStrategy.swift */ = {isa = PBXFileReference; fileEncoding = 4; lastKnownFileType = sourcecode.swift; path = BuyerExchangeStrategy.swift; sourceTree = "<group>"; };
		AA8F27A91E5ABE2E003CDC22 /* BuyerReturnStrategy.swift */ = {isa = PBXFileReference; fileEncoding = 4; lastKnownFileType = sourcecode.swift; path = BuyerReturnStrategy.swift; sourceTree = "<group>"; };
		AA8F27AB1E5ABE3F003CDC22 /* BuyerFinishStrategy.swift */ = {isa = PBXFileReference; fileEncoding = 4; lastKnownFileType = sourcecode.swift; path = BuyerFinishStrategy.swift; sourceTree = "<group>"; };
		AA8F27AD1E5AC1D2003CDC22 /* HistoryStateManager.swift */ = {isa = PBXFileReference; fileEncoding = 4; lastKnownFileType = sourcecode.swift; path = HistoryStateManager.swift; sourceTree = "<group>"; };
		AA90271C1DD6FC9800B5CA2B /* QRGeneratorViewController.swift */ = {isa = PBXFileReference; fileEncoding = 4; lastKnownFileType = sourcecode.swift; path = QRGeneratorViewController.swift; sourceTree = "<group>"; };
		AA9027221DD7D53400B5CA2B /* ProfileTableViewController.swift */ = {isa = PBXFileReference; fileEncoding = 4; lastKnownFileType = sourcecode.swift; path = ProfileTableViewController.swift; sourceTree = "<group>"; };
		AA9721161D64D7410036E007 /* NBUser.swift */ = {isa = PBXFileReference; fileEncoding = 4; lastKnownFileType = sourcecode.swift; path = NBUser.swift; sourceTree = "<group>"; };
		AA97211A1D64DA710036E007 /* NBCategory.swift */ = {isa = PBXFileReference; fileEncoding = 4; lastKnownFileType = sourcecode.swift; path = NBCategory.swift; sourceTree = "<group>"; };
		AA97211D1D64DB580036E007 /* NBGeoJsonPoint.swift */ = {isa = PBXFileReference; fileEncoding = 4; lastKnownFileType = sourcecode.swift; path = NBGeoJsonPoint.swift; sourceTree = "<group>"; };
		AA97211F1D64E0A50036E007 /* NBRequest.swift */ = {isa = PBXFileReference; fileEncoding = 4; lastKnownFileType = sourcecode.swift; path = NBRequest.swift; sourceTree = "<group>"; };
		AA9721211D651C460036E007 /* RequestsRouter.swift */ = {isa = PBXFileReference; fileEncoding = 4; lastKnownFileType = sourcecode.swift; path = RequestsRouter.swift; sourceTree = "<group>"; };
		AA9721251D65637E0036E007 /* UsersRouter.swift */ = {isa = PBXFileReference; fileEncoding = 4; lastKnownFileType = sourcecode.swift; path = UsersRouter.swift; sourceTree = "<group>"; };
		AA9721271D66B54E0036E007 /* AccountTableViewController.swift */ = {isa = PBXFileReference; fileEncoding = 4; lastKnownFileType = sourcecode.swift; path = AccountTableViewController.swift; sourceTree = "<group>"; };
		AA9746691E4E38B900C1FA17 /* ProgressHUD.swift */ = {isa = PBXFileReference; fileEncoding = 4; lastKnownFileType = sourcecode.swift; path = ProgressHUD.swift; sourceTree = "<group>"; };
		AA97466B1E54540C00C1FA17 /* Utils.swift */ = {isa = PBXFileReference; fileEncoding = 4; lastKnownFileType = sourcecode.swift; path = Utils.swift; sourceTree = "<group>"; };
		AA97466D1E56C10C00C1FA17 /* UIViewControllerExtensions.swift */ = {isa = PBXFileReference; fileEncoding = 4; lastKnownFileType = sourcecode.swift; path = UIViewControllerExtensions.swift; sourceTree = "<group>"; };
		AA98F7381D9C69910083BB4B /* RequestTableViewCell.swift */ = {isa = PBXFileReference; fileEncoding = 4; lastKnownFileType = sourcecode.swift; path = RequestTableViewCell.swift; sourceTree = "<group>"; };
		AA9B97AF1E7FAB3400EE055F /* UIStoryboardExtensions.swift */ = {isa = PBXFileReference; fileEncoding = 4; lastKnownFileType = sourcecode.swift; path = UIStoryboardExtensions.swift; sourceTree = "<group>"; };
		AA9E15CA1EF12EAA00639EB3 /* ImageCollectionView.swift */ = {isa = PBXFileReference; fileEncoding = 4; lastKnownFileType = sourcecode.swift; path = ImageCollectionView.swift; sourceTree = "<group>"; };
		AAA7F8291EC98CE7006CEBB6 /* NBConstants.swift */ = {isa = PBXFileReference; fileEncoding = 4; lastKnownFileType = sourcecode.swift; path = NBConstants.swift; sourceTree = "<group>"; };
		AAA7F82D1EC994D2006CEBB6 /* HistoryTransactionTableViewCell.swift */ = {isa = PBXFileReference; fileEncoding = 4; lastKnownFileType = sourcecode.swift; path = HistoryTransactionTableViewCell.swift; sourceTree = "<group>"; };
		AAA7F82F1ECA30C7006CEBB6 /* NBFlag.swift */ = {isa = PBXFileReference; fileEncoding = 4; lastKnownFileType = sourcecode.swift; path = NBFlag.swift; sourceTree = "<group>"; };
		AAA7F8321ECA39B1006CEBB6 /* FlagTableViewController.swift */ = {isa = PBXFileReference; fileEncoding = 4; lastKnownFileType = sourcecode.swift; path = FlagTableViewController.swift; sourceTree = "<group>"; };
		AAB769091E285C1C0021F657 /* HistoryResponseTableViewCell.swift */ = {isa = PBXFileReference; fileEncoding = 4; lastKnownFileType = sourcecode.swift; path = HistoryResponseTableViewCell.swift; sourceTree = "<group>"; };
		AAB7690B1E2B35EF0021F657 /* UserManager.swift */ = {isa = PBXFileReference; fileEncoding = 4; lastKnownFileType = sourcecode.swift; path = UserManager.swift; sourceTree = "<group>"; };
		AAB7690D1E2B3CF80021F657 /* NBPayment.swift */ = {isa = PBXFileReference; fileEncoding = 4; lastKnownFileType = sourcecode.swift; path = NBPayment.swift; sourceTree = "<group>"; };
		AAB7690F1E2B41A80021F657 /* PaymentTableViewController.swift */ = {isa = PBXFileReference; fileEncoding = 4; lastKnownFileType = sourcecode.swift; path = PaymentTableViewController.swift; sourceTree = "<group>"; };
		AAB769111E2B43380021F657 /* DirectDepositTableViewController.swift */ = {isa = PBXFileReference; fileEncoding = 4; lastKnownFileType = sourcecode.swift; path = DirectDepositTableViewController.swift; sourceTree = "<group>"; };
		AABAD2C61DFCB2C600F87CA2 /* HomeTableViewCell.swift */ = {isa = PBXFileReference; fileEncoding = 4; lastKnownFileType = sourcecode.swift; path = HomeTableViewCell.swift; sourceTree = "<group>"; };
		AAC3C8A71D5A789800B8F2A9 /* HistoryTableViewController.swift */ = {isa = PBXFileReference; fileEncoding = 4; lastKnownFileType = sourcecode.swift; path = HistoryTableViewController.swift; sourceTree = "<group>"; };
		AAC3C8A81D5A789800B8F2A9 /* AlamofireRequest+JSONSerializable.swift */ = {isa = PBXFileReference; fileEncoding = 4; lastKnownFileType = sourcecode.swift; path = "AlamofireRequest+JSONSerializable.swift"; sourceTree = "<group>"; };
		AAC3C8AB1D5A789800B8F2A9 /* NearbyAPIManager.swift */ = {isa = PBXFileReference; fileEncoding = 4; lastKnownFileType = sourcecode.swift; path = NearbyAPIManager.swift; sourceTree = "<group>"; };
		AAD278E61E150501003DCEE0 /* SearchFilter.swift */ = {isa = PBXFileReference; fileEncoding = 4; lastKnownFileType = sourcecode.swift; path = SearchFilter.swift; sourceTree = "<group>"; };
		AAE171031DA24D8B008DD5D8 /* Nearby.entitlements */ = {isa = PBXFileReference; lastKnownFileType = text.plist.entitlements; path = Nearby.entitlements; sourceTree = "<group>"; };
		AAEACB7B1EEA6DBF00AD82A7 /* NBPhoto.swift */ = {isa = PBXFileReference; fileEncoding = 4; lastKnownFileType = sourcecode.swift; path = NBPhoto.swift; sourceTree = "<group>"; };
		AAEACB7D1EEA907600AD82A7 /* ImageCollectionViewCell.swift */ = {isa = PBXFileReference; fileEncoding = 4; lastKnownFileType = sourcecode.swift; path = ImageCollectionViewCell.swift; sourceTree = "<group>"; };
		C4BE07AAD7E7749E48DF11BF /* Pods_Nearby.framework */ = {isa = PBXFileReference; explicitFileType = wrapper.framework; includeInIndex = 0; path = Pods_Nearby.framework; sourceTree = BUILT_PRODUCTS_DIR; };
		D418FAC02A6167DA6BE47114 /* libPods-NearbyTests.a */ = {isa = PBXFileReference; explicitFileType = archive.ar; includeInIndex = 0; path = "libPods-NearbyTests.a"; sourceTree = BUILT_PRODUCTS_DIR; };
		E61F58111EAD34C400EA60F0 /* ForgotToScanViewController.swift */ = {isa = PBXFileReference; fileEncoding = 4; lastKnownFileType = sourcecode.swift; path = ForgotToScanViewController.swift; sourceTree = "<group>"; };
		E62E7F6D1E9AC7CA00AF16DB /* BanksAndCardsTableViewController.swift */ = {isa = PBXFileReference; fileEncoding = 4; lastKnownFileType = sourcecode.swift; path = BanksAndCardsTableViewController.swift; sourceTree = "<group>"; };
		E63B18531EA05D79005983DF /* EditRequestTableViewController.swift */ = {isa = PBXFileReference; fileEncoding = 4; lastKnownFileType = sourcecode.swift; path = EditRequestTableViewController.swift; sourceTree = "<group>"; };
		F38B22B5A119CABAC0271EF4 /* Pods-Nearby.release.xcconfig */ = {isa = PBXFileReference; includeInIndex = 1; lastKnownFileType = text.xcconfig; name = "Pods-Nearby.release.xcconfig"; path = "Pods/Target Support Files/Pods-Nearby/Pods-Nearby.release.xcconfig"; sourceTree = "<group>"; };
/* End PBXFileReference section */

/* Begin PBXFrameworksBuildPhase section */
		AA0382831E985A0F006D9DD0 /* Frameworks */ = {
			isa = PBXFrameworksBuildPhase;
			buildActionMask = 2147483647;
			files = (
				73F7CF868071072F78D6D1CB /* libPods-NearbyTests.a in Frameworks */,
			);
			runOnlyForDeploymentPostprocessing = 0;
		};
		AA3830781D5A75F600C125F6 /* Frameworks */ = {
			isa = PBXFrameworksBuildPhase;
			buildActionMask = 2147483647;
			files = (
				AA4310C31D62426C00E00F45 /* Bolts.framework in Frameworks */,
				AA4310BE1D62392E00E00F45 /* FBSDKShareKit.framework in Frameworks */,
				AA4310BC1D62392E00E00F45 /* FBSDKCoreKit.framework in Frameworks */,
				AA4310BD1D62392E00E00F45 /* FBSDKLoginKit.framework in Frameworks */,
				4279B300DB3AA0DD5522684E /* Pods_Nearby.framework in Frameworks */,
			);
			runOnlyForDeploymentPostprocessing = 0;
		};
/* End PBXFrameworksBuildPhase section */

/* Begin PBXGroup section */
		03C81C8D17E004617BD623E6 /* Frameworks */ = {
			isa = PBXGroup;
			children = (
				AA6928381E6FCED3009C022F /* XCTest.framework */,
				AA4310C21D62426C00E00F45 /* Bolts.framework */,
				AA4310B91D62392E00E00F45 /* FBSDKCoreKit.framework */,
				AA4310BA1D62392E00E00F45 /* FBSDKLoginKit.framework */,
				AA4310BB1D62392E00E00F45 /* FBSDKShareKit.framework */,
				C4BE07AAD7E7749E48DF11BF /* Pods_Nearby.framework */,
				D418FAC02A6167DA6BE47114 /* libPods-NearbyTests.a */,
			);
			name = Frameworks;
			sourceTree = "<group>";
		};
		41CE8E9FDEA29684C591CEA8 /* Pods */ = {
			isa = PBXGroup;
			children = (
				3F39B826BC3AE0F067446572 /* Pods-Nearby.debug.xcconfig */,
				F38B22B5A119CABAC0271EF4 /* Pods-Nearby.release.xcconfig */,
				569611B4DD22FDE0552E9CEE /* Pods-NearbyTests.debug.xcconfig */,
				6F95CC3ED8D95B99CFCAD3F0 /* Pods-NearbyTests.release.xcconfig */,
			);
			name = Pods;
			sourceTree = "<group>";
		};
		AA0382871E985A0F006D9DD0 /* NearbyTests */ = {
			isa = PBXGroup;
			children = (
				AA0382881E985A0F006D9DD0 /* NearbyTests.swift */,
				AA03828A1E985A0F006D9DD0 /* Info.plist */,
			);
			path = NearbyTests;
			sourceTree = "<group>";
		};
		AA072DBE1EBCDD3F0039495C /* Extensions */ = {
			isa = PBXGroup;
			children = (
				AA2EB2DF1E767E3700646AF3 /* UIColorExtensions.swift */,
				AA97466D1E56C10C00C1FA17 /* UIViewControllerExtensions.swift */,
				AA9B97AF1E7FAB3400EE055F /* UIStoryboardExtensions.swift */,
			);
			name = Extensions;
			sourceTree = "<group>";
		};
		AA0F72A11D7549A80023DAA6 /* old */ = {
			isa = PBXGroup;
			children = (
				AA546A831DCA5CD3007E1E8F /* NBBraintree.swift */,
				AA546A851DCA5F89007E1E8F /* BraintreeRouter.swift */,
				AA0F72A71D77F9360023DAA6 /* AccountManager.swift */,
				AA9746691E4E38B900C1FA17 /* ProgressHUD.swift */,
				AA98F7381D9C69910083BB4B /* RequestTableViewCell.swift */,
				AA97211D1D64DB580036E007 /* NBGeoJsonPoint.swift */,
				AA2C47471D6824F00013F350 /* AllRequestsTableViewController.swift */,
			);
			name = old;
			sourceTree = "<group>";
		};
		AA0F72A61D77F11A0023DAA6 /* Managers */ = {
			isa = PBXGroup;
			children = (
				AA2C474B1D6B4C150013F350 /* LocationManger.swift */,
				AA0F72A41D77E7FD0023DAA6 /* CategoriesManager.swift */,
				AA52E6CD1EB287DC00934C72 /* NewAccountManager.swift */,
				AAB7690B1E2B35EF0021F657 /* UserManager.swift */,
				AA072DBC1EBCDA5B0039495C /* UserDataManager.swift */,
				4E6C69761EE79F10008E3788 /* AWSManager.swift */,
			);
			name = Managers;
			sourceTree = "<group>";
		};
		AA2C474F1D6B75600013F350 /* Other */ = {
			isa = PBXGroup;
			children = (
				AA2C47501D6B759D0013F350 /* Converter.swift */,
				AA97466B1E54540C00C1FA17 /* Utils.swift */,
				AAA7F8291EC98CE7006CEBB6 /* NBConstants.swift */,
			);
			name = Other;
			sourceTree = "<group>";
		};
		AA2D885B1E8376C80005D969 /* Transaction */ = {
			isa = PBXGroup;
			children = (
				AA2D885C1E8378970005D969 /* TransactionDetailTableViewController.swift */,
				4E82AF471EB39C1400C4EFD4 /* ConfirmPriceTableViewController.swift */,
			);
			name = Transaction;
			sourceTree = "<group>";
		};
		AA3830721D5A75F600C125F6 = {
			isa = PBXGroup;
			children = (
				AAE171031DA24D8B008DD5D8 /* Nearby.entitlements */,
				AA38307D1D5A75F600C125F6 /* Lend */,
				AA0382871E985A0F006D9DD0 /* NearbyTests */,
				AA38307C1D5A75F600C125F6 /* Products */,
				41CE8E9FDEA29684C591CEA8 /* Pods */,
				03C81C8D17E004617BD623E6 /* Frameworks */,
			);
			sourceTree = "<group>";
		};
		AA38307C1D5A75F600C125F6 /* Products */ = {
			isa = PBXGroup;
			children = (
				AA38307B1D5A75F600C125F6 /* Nearby.app */,
				AA0382861E985A0F006D9DD0 /* NearbyTests.xctest */,
			);
			name = Products;
			sourceTree = "<group>";
		};
		AA38307D1D5A75F600C125F6 /* Lend */ = {
			isa = PBXGroup;
			children = (
				AA0F72A11D7549A80023DAA6 /* old */,
				AA2C474F1D6B75600013F350 /* Other */,
				AA072DBE1EBCDD3F0039495C /* Extensions */,
				AA0F72A61D77F11A0023DAA6 /* Managers */,
				AAC3C8B51D5A794800B8F2A9 /* Networking */,
				AAC3C8B41D5A78BC00B8F2A9 /* Models */,
				AAC3C8B31D5A78B900B8F2A9 /* Controllers */,
				AAC3C8B21D5A78B600B8F2A9 /* Views */,
				AA38307E1D5A75F600C125F6 /* AppDelegate.swift */,
				AA007EE51EC2FD3A0097CB05 /* GoogleService-Info.plist */,
				AA38308A1D5A75F600C125F6 /* Info.plist */,
				AA4310BF1D623E1100E00F45 /* Lend-Bridging-Header.h */,
			);
			path = Lend;
			sourceTree = "<group>";
		};
		AA8F27941E5AB370003CDC22 /* Strategies */ = {
			isa = PBXGroup;
			children = (
				AA8F27951E5AB3C4003CDC22 /* HistoryStateStrategy.swift */,
				AA8F27AD1E5AC1D2003CDC22 /* HistoryStateManager.swift */,
				AA8F27A51E5ABD2E003CDC22 /* Buyer */,
				AA8F27A61E5ABD3D003CDC22 /* Seller */,
			);
			name = Strategies;
			sourceTree = "<group>";
		};
		AA8F27A51E5ABD2E003CDC22 /* Buyer */ = {
			isa = PBXGroup;
			children = (
				AA8F27A11E5ABCCC003CDC22 /* BuyerBuyerConfirmStrategy.swift */,
				AA8F27A31E5ABD28003CDC22 /* BuyerSellerConfirmStrategy.swift */,
				AA8F27A71E5ABE04003CDC22 /* BuyerExchangeStrategy.swift */,
				AA8F27A91E5ABE2E003CDC22 /* BuyerReturnStrategy.swift */,
				AA31BC1D1E85DAFF00738696 /* BuyerPriceConfirmStrategy.swift */,
				AA8F27AB1E5ABE3F003CDC22 /* BuyerFinishStrategy.swift */,
				AA2D885E1E852AC30005D969 /* BuyerClosedStrategy.swift */,
			);
			name = Buyer;
			sourceTree = "<group>";
		};
		AA8F27A61E5ABD3D003CDC22 /* Seller */ = {
			isa = PBXGroup;
			children = (
				AA8F27991E5AB5F4003CDC22 /* SellerBuyerConfirmStrategy.swift */,
				AA8F279B1E5AB621003CDC22 /* SellerSellerConfirmStrategy.swift */,
				AA8F279D1E5AB630003CDC22 /* SellerExchangeStrategy.swift */,
				AA8F279F1E5AB644003CDC22 /* SellerReturnStrategy.swift */,
				AA31BC1F1E85DB1700738696 /* SellerPriceConfirmStrategy.swift */,
				AA8F27971E5AB547003CDC22 /* SellerFinishStrategy.swift */,
				AA2D88601E852AF80005D969 /* SellerClosedStrategy.swift */,
			);
			name = Seller;
			sourceTree = "<group>";
		};
		AA90271E1DD7D48E00B5CA2B /* Home */ = {
			isa = PBXGroup;
			children = (
				AA2C47491D6AA8720013F350 /* HomeViewController.swift */,
				AABAD2C61DFCB2C600F87CA2 /* HomeTableViewCell.swift */,
				AA18DAA91DCA724F00E2B973 /* FilterTableViewController.swift */,
				AAD278E61E150501003DCEE0 /* SearchFilter.swift */,
				AA2BA97C1EE6A6BF001E1C5A /* UISwitchGroup.swift */,
			);
			name = Home;
			sourceTree = "<group>";
		};
		AA90271F1DD7D49400B5CA2B /* History */ = {
			isa = PBXGroup;
			children = (
				AA8F27941E5AB370003CDC22 /* Strategies */,
				AAC3C8A71D5A789800B8F2A9 /* HistoryTableViewController.swift */,
				AA8F27921E5AA24D003CDC22 /* HistoryRequestTableViewCell.swift */,
				AAB769091E285C1C0021F657 /* HistoryResponseTableViewCell.swift */,
				AAA7F82D1EC994D2006CEBB6 /* HistoryTransactionTableViewCell.swift */,
				AA072DC31EBE51300039495C /* HistoryFilterTableViewController.swift */,
				AA072DBF1EBE50DC0039495C /* HistoryFilter.swift */,
			);
			name = History;
			sourceTree = "<group>";
		};
		AA9027201DD7D4AE00B5CA2B /* Account */ = {
			isa = PBXGroup;
			children = (
				AA9721271D66B54E0036E007 /* AccountTableViewController.swift */,
				AA9027221DD7D53400B5CA2B /* ProfileTableViewController.swift */,
				AAB7690F1E2B41A80021F657 /* PaymentTableViewController.swift */,
				AAB769111E2B43380021F657 /* DirectDepositTableViewController.swift */,
				E62E7F6D1E9AC7CA00AF16DB /* BanksAndCardsTableViewController.swift */,
				AA83930D1ED95310006950DC /* NotificationTableViewController.swift */,
			);
			name = Account;
			sourceTree = "<group>";
		};
		AA9027211DD7D4ED00B5CA2B /* Other */ = {
			isa = PBXGroup;
			children = (
				AA90271C1DD6FC9800B5CA2B /* QRGeneratorViewController.swift */,
				AA2F16BF1E4662200029AB47 /* QRScannerViewController.swift */,
				AA4310B71D616DAB00E00F45 /* LoginViewController.swift */,
				E61F58111EAD34C400EA60F0 /* ForgotToScanViewController.swift */,
				AAA7F8321ECA39B1006CEBB6 /* FlagTableViewController.swift */,
				AA5EA4AC1ED42A67007278C2 /* UserViewController.swift */,
			);
			name = Other;
			sourceTree = "<group>";
		};
		AABAD2C91E02658B00F87CA2 /* Response */ = {
			isa = PBXGroup;
			children = (
				AA3F641F1D80B55C0021964B /* NewResponseTableViewController.swift */,
				AA4D91AD1E76433000D106FE /* ResponseDetailTableViewController.swift */,
			);
			name = Response;
			sourceTree = "<group>";
		};
		AABAD2CA1E02658F00F87CA2 /* Request */ = {
			isa = PBXGroup;
			children = (
				AA2C47451D679BA50013F350 /* NewRequestTableViewController.swift */,
				AA2C47541D6D3FB60013F350 /* RequestDetailTableViewController.swift */,
				AA0F72A21D7791C20023DAA6 /* CategorySelectionTableViewController.swift */,
				E63B18531EA05D79005983DF /* EditRequestTableViewController.swift */,
				AAEACB7D1EEA907600AD82A7 /* ImageCollectionViewCell.swift */,
				AA9E15CA1EF12EAA00639EB3 /* ImageCollectionView.swift */,
			);
			name = Request;
			sourceTree = "<group>";
		};
		AAC3C8B21D5A78B600B8F2A9 /* Views */ = {
			isa = PBXGroup;
			children = (
				AA3830821D5A75F600C125F6 /* Main.storyboard */,
				AA3830851D5A75F600C125F6 /* Assets.xcassets */,
				AA3830871D5A75F600C125F6 /* LaunchScreen.storyboard */,
			);
			name = Views;
			sourceTree = "<group>";
		};
		AAC3C8B31D5A78B900B8F2A9 /* Controllers */ = {
			isa = PBXGroup;
			children = (
				AA2D885B1E8376C80005D969 /* Transaction */,
				AABAD2CA1E02658F00F87CA2 /* Request */,
				AABAD2C91E02658B00F87CA2 /* Response */,
				AA9027211DD7D4ED00B5CA2B /* Other */,
				AA9027201DD7D4AE00B5CA2B /* Account */,
				AA90271F1DD7D49400B5CA2B /* History */,
				AA90271E1DD7D48E00B5CA2B /* Home */,
			);
			name = Controllers;
			sourceTree = "<group>";
		};
		AAC3C8B41D5A78BC00B8F2A9 /* Models */ = {
			isa = PBXGroup;
			children = (
				AA9721161D64D7410036E007 /* NBUser.swift */,
				AA3E34021E79015000B92943 /* NBStripe.swift */,
				AA97211A1D64DA710036E007 /* NBCategory.swift */,
				AA97211F1D64E0A50036E007 /* NBRequest.swift */,
				AA3F641B1D7B80740021964B /* NBResponse.swift */,
				AA3F641D1D7B8DB80021964B /* NBMessage.swift */,
				AA8B21E61D98EECD0026ED7D /* NBHistory.swift */,
				AA8B21E81D9A363C0026ED7D /* NBTransaction.swift */,
				AA8B21EA1D9A4A220026ED7D /* NBExchangeOverride.swift */,
				AAB7690D1E2B3CF80021F657 /* NBPayment.swift */,
				AAA7F82F1ECA30C7006CEBB6 /* NBFlag.swift */,
				AAEACB7B1EEA6DBF00AD82A7 /* NBPhoto.swift */,
			);
			name = Models;
			sourceTree = "<group>";
		};
		AAC3C8B51D5A794800B8F2A9 /* Networking */ = {
			isa = PBXGroup;
			children = (
				AAC3C8A81D5A789800B8F2A9 /* AlamofireRequest+JSONSerializable.swift */,
				AA9721211D651C460036E007 /* RequestsRouter.swift */,
				AA9721251D65637E0036E007 /* UsersRouter.swift */,
				AA2C47521D6D0B0B0013F350 /* CategoriesRouter.swift */,
				AA8B21EC1D9A50D50026ED7D /* TransactionsRouter.swift */,
				AA3E34001E78E9A800B92943 /* StripeRouter.swift */,
				AAC3C8AB1D5A789800B8F2A9 /* NearbyAPIManager.swift */,
			);
			name = Networking;
			sourceTree = "<group>";
		};
/* End PBXGroup section */

/* Begin PBXNativeTarget section */
		AA0382851E985A0F006D9DD0 /* NearbyTests */ = {
			isa = PBXNativeTarget;
			buildConfigurationList = AA03828F1E985A0F006D9DD0 /* Build configuration list for PBXNativeTarget "NearbyTests" */;
			buildPhases = (
				E113794C67C68A62AB470687 /* [CP] Check Pods Manifest.lock */,
				AA0382821E985A0F006D9DD0 /* Sources */,
				AA0382831E985A0F006D9DD0 /* Frameworks */,
				AA0382841E985A0F006D9DD0 /* Resources */,
				6AA34EBD7EC59E713909C1A8 /* [CP] Embed Pods Frameworks */,
				A6CB080849139BD3AF8F16ED /* [CP] Copy Pods Resources */,
			);
			buildRules = (
			);
			dependencies = (
				AA03828C1E985A0F006D9DD0 /* PBXTargetDependency */,
			);
			name = NearbyTests;
			productName = NearbyTests;
			productReference = AA0382861E985A0F006D9DD0 /* NearbyTests.xctest */;
			productType = "com.apple.product-type.bundle.unit-test";
		};
		AA38307A1D5A75F600C125F6 /* Nearby */ = {
			isa = PBXNativeTarget;
			buildConfigurationList = AA38308D1D5A75F600C125F6 /* Build configuration list for PBXNativeTarget "Nearby" */;
			buildPhases = (
				5F4CE9DB7EBD861720E7CA6F /* [CP] Check Pods Manifest.lock */,
				AA3830771D5A75F600C125F6 /* Sources */,
				AA3830781D5A75F600C125F6 /* Frameworks */,
				AA3830791D5A75F600C125F6 /* Resources */,
				23EACEDCD0B20E16B5021B88 /* [CP] Embed Pods Frameworks */,
				5A838C3867D776952DCF770A /* [CP] Copy Pods Resources */,
				AAE434B21EB7CA3200E1F1D7 /* Upload Symbols To Crash Report */,
			);
			buildRules = (
			);
			dependencies = (
			);
			name = Nearby;
			productName = Lend;
			productReference = AA38307B1D5A75F600C125F6 /* Nearby.app */;
			productType = "com.apple.product-type.application";
		};
/* End PBXNativeTarget section */

/* Begin PBXProject section */
		AA3830731D5A75F600C125F6 /* Project object */ = {
			isa = PBXProject;
			attributes = {
				LastSwiftUpdateCheck = 0820;
				LastUpgradeCheck = 0730;
				ORGANIZATIONNAME = "Kei Sakaguchi";
				TargetAttributes = {
					AA0382851E985A0F006D9DD0 = {
						CreatedOnToolsVersion = 8.2.1;
						DevelopmentTeam = 53PDQ4KE23;
						ProvisioningStyle = Automatic;
						TestTargetID = AA38307A1D5A75F600C125F6;
					};
					AA38307A1D5A75F600C125F6 = {
						CreatedOnToolsVersion = 7.3.1;
						DevelopmentTeam = 2E2Z3LHU3H;
						LastSwiftMigration = 0800;
						SystemCapabilities = {
							com.apple.BackgroundModes = {
								enabled = 1;
							};
							com.apple.Keychain = {
								enabled = 1;
							};
							com.apple.Push = {
								enabled = 1;
							};
						};
					};
				};
			};
			buildConfigurationList = AA3830761D5A75F600C125F6 /* Build configuration list for PBXProject "Nearby" */;
			compatibilityVersion = "Xcode 3.2";
			developmentRegion = English;
			hasScannedForEncodings = 0;
			knownRegions = (
				en,
				Base,
			);
			mainGroup = AA3830721D5A75F600C125F6;
			productRefGroup = AA38307C1D5A75F600C125F6 /* Products */;
			projectDirPath = "";
			projectRoot = "";
			targets = (
				AA38307A1D5A75F600C125F6 /* Nearby */,
				AA0382851E985A0F006D9DD0 /* NearbyTests */,
			);
		};
/* End PBXProject section */

/* Begin PBXResourcesBuildPhase section */
		AA0382841E985A0F006D9DD0 /* Resources */ = {
			isa = PBXResourcesBuildPhase;
			buildActionMask = 2147483647;
			files = (
			);
			runOnlyForDeploymentPostprocessing = 0;
		};
		AA3830791D5A75F600C125F6 /* Resources */ = {
			isa = PBXResourcesBuildPhase;
			buildActionMask = 2147483647;
			files = (
				AA3830891D5A75F600C125F6 /* LaunchScreen.storyboard in Resources */,
				AA007EE61EC2FD3A0097CB05 /* GoogleService-Info.plist in Resources */,
				AA3830861D5A75F600C125F6 /* Assets.xcassets in Resources */,
				AA3830841D5A75F600C125F6 /* Main.storyboard in Resources */,
			);
			runOnlyForDeploymentPostprocessing = 0;
		};
/* End PBXResourcesBuildPhase section */

/* Begin PBXShellScriptBuildPhase section */
		23EACEDCD0B20E16B5021B88 /* [CP] Embed Pods Frameworks */ = {
			isa = PBXShellScriptBuildPhase;
			buildActionMask = 2147483647;
			files = (
			);
			inputPaths = (
			);
			name = "[CP] Embed Pods Frameworks";
			outputPaths = (
			);
			runOnlyForDeploymentPostprocessing = 0;
			shellPath = /bin/sh;
			shellScript = "\"${SRCROOT}/Pods/Target Support Files/Pods-Nearby/Pods-Nearby-frameworks.sh\"\n";
			showEnvVarsInLog = 0;
		};
		5A838C3867D776952DCF770A /* [CP] Copy Pods Resources */ = {
			isa = PBXShellScriptBuildPhase;
			buildActionMask = 2147483647;
			files = (
			);
			inputPaths = (
			);
			name = "[CP] Copy Pods Resources";
			outputPaths = (
			);
			runOnlyForDeploymentPostprocessing = 0;
			shellPath = /bin/sh;
			shellScript = "\"${SRCROOT}/Pods/Target Support Files/Pods-Nearby/Pods-Nearby-resources.sh\"\n";
			showEnvVarsInLog = 0;
		};
		5F4CE9DB7EBD861720E7CA6F /* [CP] Check Pods Manifest.lock */ = {
			isa = PBXShellScriptBuildPhase;
			buildActionMask = 2147483647;
			files = (
			);
			inputPaths = (
			);
			name = "[CP] Check Pods Manifest.lock";
			outputPaths = (
			);
			runOnlyForDeploymentPostprocessing = 0;
			shellPath = /bin/sh;
			shellScript = "diff \"${PODS_PODFILE_DIR_PATH}/Podfile.lock\" \"${PODS_ROOT}/Manifest.lock\" > /dev/null\nif [ $? != 0 ] ; then\n    # print error to STDERR\n    echo \"error: The sandbox is not in sync with the Podfile.lock. Run 'pod install' or update your CocoaPods installation.\" >&2\n    exit 1\nfi\n";
			showEnvVarsInLog = 0;
		};
		6AA34EBD7EC59E713909C1A8 /* [CP] Embed Pods Frameworks */ = {
			isa = PBXShellScriptBuildPhase;
			buildActionMask = 2147483647;
			files = (
			);
			inputPaths = (
			);
			name = "[CP] Embed Pods Frameworks";
			outputPaths = (
			);
			runOnlyForDeploymentPostprocessing = 0;
			shellPath = /bin/sh;
			shellScript = "\"${SRCROOT}/Pods/Target Support Files/Pods-NearbyTests/Pods-NearbyTests-frameworks.sh\"\n";
			showEnvVarsInLog = 0;
		};
		A6CB080849139BD3AF8F16ED /* [CP] Copy Pods Resources */ = {
			isa = PBXShellScriptBuildPhase;
			buildActionMask = 2147483647;
			files = (
			);
			inputPaths = (
			);
			name = "[CP] Copy Pods Resources";
			outputPaths = (
			);
			runOnlyForDeploymentPostprocessing = 0;
			shellPath = /bin/sh;
			shellScript = "\"${SRCROOT}/Pods/Target Support Files/Pods-NearbyTests/Pods-NearbyTests-resources.sh\"\n";
			showEnvVarsInLog = 0;
		};
		AAE434B21EB7CA3200E1F1D7 /* Upload Symbols To Crash Report */ = {
			isa = PBXShellScriptBuildPhase;
			buildActionMask = 2147483647;
			files = (
			);
			inputPaths = (
			);
			name = "Upload Symbols To Crash Report";
			outputPaths = (
			);
			runOnlyForDeploymentPostprocessing = 0;
			shellPath = /bin/sh;
			shellScript = "# Replace this with the GOOGLE_APP_ID from your GoogleService-Info.plist file\nGOOGLE_APP_ID=1:491459641376:ios:be7301039ad213c7\n\n# Replace the /Path/To/ServiceAccount.json with the path to the key you just downloaded\n\"${PODS_ROOT}\"/FirebaseCrash/upload-sym \"${PROJECT_DIR}/Keys/nearby-44593-firebase-crashreporting-zua6w-eb821e48cf.json\"\n";
		};
		E113794C67C68A62AB470687 /* [CP] Check Pods Manifest.lock */ = {
			isa = PBXShellScriptBuildPhase;
			buildActionMask = 2147483647;
			files = (
			);
			inputPaths = (
			);
			name = "[CP] Check Pods Manifest.lock";
			outputPaths = (
			);
			runOnlyForDeploymentPostprocessing = 0;
			shellPath = /bin/sh;
			shellScript = "diff \"${PODS_PODFILE_DIR_PATH}/Podfile.lock\" \"${PODS_ROOT}/Manifest.lock\" > /dev/null\nif [ $? != 0 ] ; then\n    # print error to STDERR\n    echo \"error: The sandbox is not in sync with the Podfile.lock. Run 'pod install' or update your CocoaPods installation.\" >&2\n    exit 1\nfi\n";
			showEnvVarsInLog = 0;
		};
/* End PBXShellScriptBuildPhase section */

/* Begin PBXSourcesBuildPhase section */
		AA0382821E985A0F006D9DD0 /* Sources */ = {
			isa = PBXSourcesBuildPhase;
			buildActionMask = 2147483647;
			files = (
				AA0382891E985A0F006D9DD0 /* NearbyTests.swift in Sources */,
			);
			runOnlyForDeploymentPostprocessing = 0;
		};
		AA3830771D5A75F600C125F6 /* Sources */ = {
			isa = PBXSourcesBuildPhase;
			buildActionMask = 2147483647;
			files = (
				AA8F27A41E5ABD28003CDC22 /* BuyerSellerConfirmStrategy.swift in Sources */,
				AA9721171D64D7410036E007 /* NBUser.swift in Sources */,
				AA0F72A81D77F9360023DAA6 /* AccountManager.swift in Sources */,
				AA2C47481D6824F00013F350 /* AllRequestsTableViewController.swift in Sources */,
				AA8F279E1E5AB630003CDC22 /* SellerExchangeStrategy.swift in Sources */,
				AAB7690C1E2B35EF0021F657 /* UserManager.swift in Sources */,
				AA2C47531D6D0B0B0013F350 /* CategoriesRouter.swift in Sources */,
				AA8B21E91D9A363C0026ED7D /* NBTransaction.swift in Sources */,
				AA8F27A01E5AB644003CDC22 /* SellerReturnStrategy.swift in Sources */,
				AA2C474C1D6B4C150013F350 /* LocationManger.swift in Sources */,
				AA4D91AE1E76433000D106FE /* ResponseDetailTableViewController.swift in Sources */,
				AA2F16C01E4662210029AB47 /* QRScannerViewController.swift in Sources */,
				AABAD2C71DFCB2C600F87CA2 /* HomeTableViewCell.swift in Sources */,
				AA8F27931E5AA24D003CDC22 /* HistoryRequestTableViewCell.swift in Sources */,
				AAB7690E1E2B3CF80021F657 /* NBPayment.swift in Sources */,
				AA52E6CE1EB287DC00934C72 /* NewAccountManager.swift in Sources */,
				AAB769121E2B43380021F657 /* DirectDepositTableViewController.swift in Sources */,
				4E6C69771EE79F10008E3788 /* AWSManager.swift in Sources */,
				AAA7F82A1EC98CE7006CEBB6 /* NBConstants.swift in Sources */,
				AA2C47461D679BA50013F350 /* NewRequestTableViewController.swift in Sources */,
				AA8F279A1E5AB5F4003CDC22 /* SellerBuyerConfirmStrategy.swift in Sources */,
				AA9B97B01E7FAB3400EE055F /* UIStoryboardExtensions.swift in Sources */,
				AA8F279C1E5AB621003CDC22 /* SellerSellerConfirmStrategy.swift in Sources */,
				AA8F27AA1E5ABE2E003CDC22 /* BuyerReturnStrategy.swift in Sources */,
				AA9721261D65637E0036E007 /* UsersRouter.swift in Sources */,
				AA8F27AE1E5AC1D2003CDC22 /* HistoryStateManager.swift in Sources */,
				AA3F641E1D7B8DB80021964B /* NBMessage.swift in Sources */,
				AA2C47511D6B759D0013F350 /* Converter.swift in Sources */,
				AA31BC201E85DB1700738696 /* SellerPriceConfirmStrategy.swift in Sources */,
				AA9721281D66B54E0036E007 /* AccountTableViewController.swift in Sources */,
				AA98F7391D9C69910083BB4B /* RequestTableViewCell.swift in Sources */,
				AA2C474A1D6AA8720013F350 /* HomeViewController.swift in Sources */,
				AA546A861DCA5F89007E1E8F /* BraintreeRouter.swift in Sources */,
				AA072DBD1EBCDA5B0039495C /* UserDataManager.swift in Sources */,
				AA546A841DCA5CD3007E1E8F /* NBBraintree.swift in Sources */,
				AA2D885F1E852AC30005D969 /* BuyerClosedStrategy.swift in Sources */,
				AAEACB7E1EEA907600AD82A7 /* ImageCollectionViewCell.swift in Sources */,
				AA2BA97D1EE6A6BF001E1C5A /* UISwitchGroup.swift in Sources */,
				AA97466C1E54540C00C1FA17 /* Utils.swift in Sources */,
				AA2EB2E01E767E3700646AF3 /* UIColorExtensions.swift in Sources */,
				AA9721201D64E0A50036E007 /* NBRequest.swift in Sources */,
				AA2C47551D6D3FB60013F350 /* RequestDetailTableViewController.swift in Sources */,
				AA4310B81D616DAB00E00F45 /* LoginViewController.swift in Sources */,
				AAC3C8AC1D5A789800B8F2A9 /* HistoryTableViewController.swift in Sources */,
				4E82AF481EB39C1400C4EFD4 /* ConfirmPriceTableViewController.swift in Sources */,
				AA18DAAA1DCA724F00E2B973 /* FilterTableViewController.swift in Sources */,
				AA5EA4AD1ED42A67007278C2 /* UserViewController.swift in Sources */,
				AA3F64201D80B55C0021964B /* NewResponseTableViewController.swift in Sources */,
				E61F58121EAD34C400EA60F0 /* ForgotToScanViewController.swift in Sources */,
				AAD278E71E150501003DCEE0 /* SearchFilter.swift in Sources */,
				AA9027231DD7D53400B5CA2B /* ProfileTableViewController.swift in Sources */,
				AAB769101E2B41A80021F657 /* PaymentTableViewController.swift in Sources */,
				AA8F27981E5AB547003CDC22 /* SellerFinishStrategy.swift in Sources */,
				AA9E15CB1EF12EAA00639EB3 /* ImageCollectionView.swift in Sources */,
				AAA7F8301ECA30C7006CEBB6 /* NBFlag.swift in Sources */,
				AA97466E1E56C10C00C1FA17 /* UIViewControllerExtensions.swift in Sources */,
				AA97211E1D64DB580036E007 /* NBGeoJsonPoint.swift in Sources */,
				AA9721221D651C460036E007 /* RequestsRouter.swift in Sources */,
				AA8B21E71D98EECD0026ED7D /* NBHistory.swift in Sources */,
				AA38307F1D5A75F600C125F6 /* AppDelegate.swift in Sources */,
				AA072DC01EBE50DC0039495C /* HistoryFilter.swift in Sources */,
				AA8F27A21E5ABCCC003CDC22 /* BuyerBuyerConfirmStrategy.swift in Sources */,
				AA3E34031E79015000B92943 /* NBStripe.swift in Sources */,
				AA8F27A81E5ABE04003CDC22 /* BuyerExchangeStrategy.swift in Sources */,
				E62E7F6E1E9AC7CA00AF16DB /* BanksAndCardsTableViewController.swift in Sources */,
				E63B18541EA05D79005983DF /* EditRequestTableViewController.swift in Sources */,
				AA90271D1DD6FC9800B5CA2B /* QRGeneratorViewController.swift in Sources */,
				AA3F641C1D7B80740021964B /* NBResponse.swift in Sources */,
				AAA7F82E1EC994D2006CEBB6 /* HistoryTransactionTableViewCell.swift in Sources */,
				AA8B21EB1D9A4A220026ED7D /* NBExchangeOverride.swift in Sources */,
				AA0F72A31D7791C20023DAA6 /* CategorySelectionTableViewController.swift in Sources */,
				AA072DC41EBE51300039495C /* HistoryFilterTableViewController.swift in Sources */,
				AA2D885D1E8378970005D969 /* TransactionDetailTableViewController.swift in Sources */,
				AA2D88611E852AF80005D969 /* SellerClosedStrategy.swift in Sources */,
				AAEACB7C1EEA6DBF00AD82A7 /* NBPhoto.swift in Sources */,
				AA83930E1ED95310006950DC /* NotificationTableViewController.swift in Sources */,
				AA3E34011E78E9A800B92943 /* StripeRouter.swift in Sources */,
				AA8F27AC1E5ABE3F003CDC22 /* BuyerFinishStrategy.swift in Sources */,
				AA0F72A51D77E7FD0023DAA6 /* CategoriesManager.swift in Sources */,
				AA97466A1E4E38B900C1FA17 /* ProgressHUD.swift in Sources */,
				AAC3C8AD1D5A789800B8F2A9 /* AlamofireRequest+JSONSerializable.swift in Sources */,
				AAB7690A1E285C1C0021F657 /* HistoryResponseTableViewCell.swift in Sources */,
				AA8F27961E5AB3C4003CDC22 /* HistoryStateStrategy.swift in Sources */,
				AA8B21ED1D9A50D50026ED7D /* TransactionsRouter.swift in Sources */,
				AA31BC1E1E85DAFF00738696 /* BuyerPriceConfirmStrategy.swift in Sources */,
				AAC3C8B01D5A789800B8F2A9 /* NearbyAPIManager.swift in Sources */,
				AA97211B1D64DA710036E007 /* NBCategory.swift in Sources */,
				AAA7F8331ECA39B1006CEBB6 /* FlagTableViewController.swift in Sources */,
			);
			runOnlyForDeploymentPostprocessing = 0;
		};
/* End PBXSourcesBuildPhase section */

/* Begin PBXTargetDependency section */
		AA03828C1E985A0F006D9DD0 /* PBXTargetDependency */ = {
			isa = PBXTargetDependency;
			target = AA38307A1D5A75F600C125F6 /* Nearby */;
			targetProxy = AA03828B1E985A0F006D9DD0 /* PBXContainerItemProxy */;
		};
/* End PBXTargetDependency section */

/* Begin PBXVariantGroup section */
		AA3830821D5A75F600C125F6 /* Main.storyboard */ = {
			isa = PBXVariantGroup;
			children = (
				AA3830831D5A75F600C125F6 /* Base */,
			);
			name = Main.storyboard;
			sourceTree = "<group>";
		};
		AA3830871D5A75F600C125F6 /* LaunchScreen.storyboard */ = {
			isa = PBXVariantGroup;
			children = (
				AA3830881D5A75F600C125F6 /* Base */,
			);
			name = LaunchScreen.storyboard;
			sourceTree = "<group>";
		};
/* End PBXVariantGroup section */

/* Begin XCBuildConfiguration section */
		AA03828D1E985A0F006D9DD0 /* Debug */ = {
			isa = XCBuildConfiguration;
			baseConfigurationReference = 569611B4DD22FDE0552E9CEE /* Pods-NearbyTests.debug.xcconfig */;
			buildSettings = {
				BUNDLE_LOADER = "$(TEST_HOST)";
				CLANG_WARN_DOCUMENTATION_COMMENTS = YES;
				CLANG_WARN_INFINITE_RECURSION = YES;
				CLANG_WARN_SUSPICIOUS_MOVE = YES;
				DEVELOPMENT_TEAM = 53PDQ4KE23;
				INFOPLIST_FILE = NearbyTests/Info.plist;
				IPHONEOS_DEPLOYMENT_TARGET = 10.2;
				LD_RUNPATH_SEARCH_PATHS = "$(inherited) @executable_path/Frameworks @loader_path/Frameworks";
				PRODUCT_BUNDLE_IDENTIFIER = com.iuxtainc.NearbyTests;
				PRODUCT_NAME = "$(TARGET_NAME)";
				SWIFT_ACTIVE_COMPILATION_CONDITIONS = DEBUG;
				SWIFT_VERSION = 3.0;
				TEST_HOST = "$(BUILT_PRODUCTS_DIR)/Nearby.app/Nearby";
			};
			name = Debug;
		};
		AA03828E1E985A0F006D9DD0 /* Release */ = {
			isa = XCBuildConfiguration;
			baseConfigurationReference = 6F95CC3ED8D95B99CFCAD3F0 /* Pods-NearbyTests.release.xcconfig */;
			buildSettings = {
				BUNDLE_LOADER = "$(TEST_HOST)";
				CLANG_WARN_DOCUMENTATION_COMMENTS = YES;
				CLANG_WARN_INFINITE_RECURSION = YES;
				CLANG_WARN_SUSPICIOUS_MOVE = YES;
				DEVELOPMENT_TEAM = 53PDQ4KE23;
				INFOPLIST_FILE = NearbyTests/Info.plist;
				IPHONEOS_DEPLOYMENT_TARGET = 10.2;
				LD_RUNPATH_SEARCH_PATHS = "$(inherited) @executable_path/Frameworks @loader_path/Frameworks";
				PRODUCT_BUNDLE_IDENTIFIER = com.iuxtainc.NearbyTests;
				PRODUCT_NAME = "$(TARGET_NAME)";
				SWIFT_OPTIMIZATION_LEVEL = "-Owholemodule";
				SWIFT_VERSION = 3.0;
				TEST_HOST = "$(BUILT_PRODUCTS_DIR)/Nearby.app/Nearby";
			};
			name = Release;
		};
		AA38308B1D5A75F600C125F6 /* Debug */ = {
			isa = XCBuildConfiguration;
			buildSettings = {
				ALWAYS_SEARCH_USER_PATHS = NO;
				CLANG_ANALYZER_NONNULL = YES;
				CLANG_CXX_LANGUAGE_STANDARD = "gnu++0x";
				CLANG_CXX_LIBRARY = "libc++";
				CLANG_ENABLE_MODULES = YES;
				CLANG_ENABLE_OBJC_ARC = YES;
				CLANG_WARN_BOOL_CONVERSION = YES;
				CLANG_WARN_CONSTANT_CONVERSION = YES;
				CLANG_WARN_DIRECT_OBJC_ISA_USAGE = YES_ERROR;
				CLANG_WARN_EMPTY_BODY = YES;
				CLANG_WARN_ENUM_CONVERSION = YES;
				CLANG_WARN_INT_CONVERSION = YES;
				CLANG_WARN_OBJC_ROOT_CLASS = YES_ERROR;
				CLANG_WARN_UNREACHABLE_CODE = YES;
				CLANG_WARN__DUPLICATE_METHOD_MATCH = YES;
				"CODE_SIGN_IDENTITY[sdk=iphoneos*]" = "iPhone Developer";
				COPY_PHASE_STRIP = NO;
				DEBUG_INFORMATION_FORMAT = dwarf;
				ENABLE_STRICT_OBJC_MSGSEND = YES;
				ENABLE_TESTABILITY = YES;
				GCC_C_LANGUAGE_STANDARD = gnu99;
				GCC_DYNAMIC_NO_PIC = NO;
				GCC_NO_COMMON_BLOCKS = YES;
				GCC_OPTIMIZATION_LEVEL = 0;
				GCC_PREPROCESSOR_DEFINITIONS = (
					"DEBUG=1",
					"$(inherited)",
				);
				GCC_WARN_64_TO_32_BIT_CONVERSION = YES;
				GCC_WARN_ABOUT_RETURN_TYPE = YES_ERROR;
				GCC_WARN_UNDECLARED_SELECTOR = YES;
				GCC_WARN_UNINITIALIZED_AUTOS = YES_AGGRESSIVE;
				GCC_WARN_UNUSED_FUNCTION = YES;
				GCC_WARN_UNUSED_VARIABLE = YES;
				IPHONEOS_DEPLOYMENT_TARGET = 9.3;
				MTL_ENABLE_DEBUG_INFO = YES;
				ONLY_ACTIVE_ARCH = YES;
				SDKROOT = iphoneos;
				SWIFT_OPTIMIZATION_LEVEL = "-Onone";
			};
			name = Debug;
		};
		AA38308C1D5A75F600C125F6 /* Release */ = {
			isa = XCBuildConfiguration;
			buildSettings = {
				ALWAYS_SEARCH_USER_PATHS = NO;
				CLANG_ANALYZER_NONNULL = YES;
				CLANG_CXX_LANGUAGE_STANDARD = "gnu++0x";
				CLANG_CXX_LIBRARY = "libc++";
				CLANG_ENABLE_MODULES = YES;
				CLANG_ENABLE_OBJC_ARC = YES;
				CLANG_WARN_BOOL_CONVERSION = YES;
				CLANG_WARN_CONSTANT_CONVERSION = YES;
				CLANG_WARN_DIRECT_OBJC_ISA_USAGE = YES_ERROR;
				CLANG_WARN_EMPTY_BODY = YES;
				CLANG_WARN_ENUM_CONVERSION = YES;
				CLANG_WARN_INT_CONVERSION = YES;
				CLANG_WARN_OBJC_ROOT_CLASS = YES_ERROR;
				CLANG_WARN_UNREACHABLE_CODE = YES;
				CLANG_WARN__DUPLICATE_METHOD_MATCH = YES;
				"CODE_SIGN_IDENTITY[sdk=iphoneos*]" = "iPhone Developer";
				COPY_PHASE_STRIP = NO;
				DEBUG_INFORMATION_FORMAT = "dwarf-with-dsym";
				ENABLE_NS_ASSERTIONS = NO;
				ENABLE_STRICT_OBJC_MSGSEND = YES;
				GCC_C_LANGUAGE_STANDARD = gnu99;
				GCC_NO_COMMON_BLOCKS = YES;
				GCC_WARN_64_TO_32_BIT_CONVERSION = YES;
				GCC_WARN_ABOUT_RETURN_TYPE = YES_ERROR;
				GCC_WARN_UNDECLARED_SELECTOR = YES;
				GCC_WARN_UNINITIALIZED_AUTOS = YES_AGGRESSIVE;
				GCC_WARN_UNUSED_FUNCTION = YES;
				GCC_WARN_UNUSED_VARIABLE = YES;
				IPHONEOS_DEPLOYMENT_TARGET = 9.3;
				MTL_ENABLE_DEBUG_INFO = NO;
				SDKROOT = iphoneos;
				VALIDATE_PRODUCT = YES;
			};
			name = Release;
		};
		AA38308E1D5A75F600C125F6 /* Debug */ = {
			isa = XCBuildConfiguration;
			baseConfigurationReference = 3F39B826BC3AE0F067446572 /* Pods-Nearby.debug.xcconfig */;
			buildSettings = {
				ASSETCATALOG_COMPILER_APPICON_NAME = AppIcon;
				CLANG_ENABLE_MODULES = YES;
				CODE_SIGN_ENTITLEMENTS = Nearby.entitlements;
				CODE_SIGN_IDENTITY = "iPhone Developer";
				DEVELOPMENT_TEAM = 2E2Z3LHU3H;
				FRAMEWORK_SEARCH_PATHS = (
					"$(inherited)",
					"$(PROJECT_DIR)",
				);
				INFOPLIST_FILE = Lend/Info.plist;
				IPHONEOS_DEPLOYMENT_TARGET = 9.0;
				LD_RUNPATH_SEARCH_PATHS = "$(inherited) @executable_path/Frameworks";
				PRODUCT_BUNDLE_IDENTIFIER = com.iuxtainc.Nearby;
				PRODUCT_NAME = Nearby;
				SWIFT_OBJC_BRIDGING_HEADER = "Lend/Lend-Bridging-Header.h";
				SWIFT_OPTIMIZATION_LEVEL = "-Onone";
				SWIFT_VERSION = 3.0;
			};
			name = Debug;
		};
		AA38308F1D5A75F600C125F6 /* Release */ = {
			isa = XCBuildConfiguration;
			baseConfigurationReference = F38B22B5A119CABAC0271EF4 /* Pods-Nearby.release.xcconfig */;
			buildSettings = {
				ASSETCATALOG_COMPILER_APPICON_NAME = AppIcon;
				CLANG_ENABLE_MODULES = YES;
				CODE_SIGN_ENTITLEMENTS = Nearby.entitlements;
				CODE_SIGN_IDENTITY = "iPhone Developer";
				DEVELOPMENT_TEAM = 2E2Z3LHU3H;
				FRAMEWORK_SEARCH_PATHS = (
					"$(inherited)",
					"$(PROJECT_DIR)",
				);
				INFOPLIST_FILE = Lend/Info.plist;
				IPHONEOS_DEPLOYMENT_TARGET = 9.0;
				LD_RUNPATH_SEARCH_PATHS = "$(inherited) @executable_path/Frameworks";
				PRODUCT_BUNDLE_IDENTIFIER = com.iuxtainc.Nearby;
				PRODUCT_NAME = Nearby;
				SWIFT_OBJC_BRIDGING_HEADER = "Lend/Lend-Bridging-Header.h";
				SWIFT_VERSION = 3.0;
			};
			name = Release;
		};
/* End XCBuildConfiguration section */

/* Begin XCConfigurationList section */
		AA03828F1E985A0F006D9DD0 /* Build configuration list for PBXNativeTarget "NearbyTests" */ = {
			isa = XCConfigurationList;
			buildConfigurations = (
				AA03828D1E985A0F006D9DD0 /* Debug */,
				AA03828E1E985A0F006D9DD0 /* Release */,
			);
			defaultConfigurationIsVisible = 0;
			defaultConfigurationName = Release;
		};
		AA3830761D5A75F600C125F6 /* Build configuration list for PBXProject "Nearby" */ = {
			isa = XCConfigurationList;
			buildConfigurations = (
				AA38308B1D5A75F600C125F6 /* Debug */,
				AA38308C1D5A75F600C125F6 /* Release */,
			);
			defaultConfigurationIsVisible = 0;
			defaultConfigurationName = Release;
		};
		AA38308D1D5A75F600C125F6 /* Build configuration list for PBXNativeTarget "Nearby" */ = {
			isa = XCConfigurationList;
			buildConfigurations = (
				AA38308E1D5A75F600C125F6 /* Debug */,
				AA38308F1D5A75F600C125F6 /* Release */,
			);
			defaultConfigurationIsVisible = 0;
			defaultConfigurationName = Release;
		};
/* End XCConfigurationList section */
	};
	rootObject = AA3830731D5A75F600C125F6 /* Project object */;
}
